{
  "name": "control-tower-server",
  "version": "1.0.0",
  "lockfileVersion": 1,
  "requires": true,
  "dependencies": {
    "jquery": {
      "version": "3.6.0",
      "resolved": "https://registry.npmjs.org/jquery/-/jquery-3.6.0.tgz",
      "integrity": "sha512-JVzAR/AjBvVt2BmYhxRCSYysDsPcssdmTFnzyLEts9qNwmjmu4JTAMYubEfwVOSwpQ1I1sKKFcxhZCI2buerfw=="
    },
    "signalr": {
      "version": "2.4.2",
      "resolved": "https://registry.npmjs.org/signalr/-/signalr-2.4.2.tgz",
      "integrity": "sha512-XqFRQRbRr8Ce1GYq3/aWwnQKPHWEOTjmRT32196sZEmZQmsEEpu5LzjvxrpxxedUoI/oWu9YlqkqK8KrbSYw/w==",
      "requires": {
        "jquery": ">=1.6.4"
      }
    }
  }
}
